
Microsoft Visual Studio Solution File, Format Version 12.00
# Visual Studio 2013
VisualStudioVersion = 12.0.30723.0
MinimumVisualStudioVersion = 10.0.40219.1
Project("{FAE04EC0-301F-11D3-BF4B-00C04F79EFBC}") = "Camera_NET", "..\Camera_NET\Camera_NET.csproj", "{E6052609-A070-41D5-85B9-ACABA91170C5}"
EndProject
Project("{FAE04EC0-301F-11D3-BF4B-00C04F79EFBC}") = "DirectShowLib-2010", "..\DirectShowLib\DirectShowLib-2010.csproj", "{CE009BFA-5EF6-4153-B2A1-2FA79698A9AE}"
EndProject
Project("{FAE04EC0-301F-11D3-BF4B-00C04F79EFBC}") = "SmulikTestCamera", "SmulikTestCamera\SmulikTestCamera.csproj", "{C52B9795-0E12-4BC2-8FEB-25EFA1C1B6DE}"
	ProjectSection(ProjectDependencies) = postProject
		{A67042AA-F2F5-4E21-A90E-25D8958BFBDB} = {A67042AA-F2F5-4E21-A90E-25D8958BFBDB}
	EndProjectSection
EndProject
Project("{FAE04EC0-301F-11D3-BF4B-00C04F79EFBC}") = "ConfigurationService", "ConfiguratinService\ConfigurationService.csproj", "{A67042AA-F2F5-4E21-A90E-25D8958BFBDB}"
EndProject
Project("{FAE04EC0-301F-11D3-BF4B-00C04F79EFBC}") = "CameraService", "CameraService\CameraService.csproj", "{68954AEB-1880-4747-B308-DD7E1D598999}"
EndProject
Project("{FAE04EC0-301F-11D3-BF4B-00C04F79EFBC}") = "PrintService", "PrintService\PrintService.csproj", "{2C4C0689-9497-4861-8131-9E02F1D1BDB0}"
EndProject
Project("{FAE04EC0-301F-11D3-BF4B-00C04F79EFBC}") = "ImageService", "ImageService\ImageService.csproj", "{7B8929F9-6787-40CC-9523-4626C607A18C}"
EndProject
Project("{6141683F-8A12-4E36-9623-2EB02B2C2303}") = "Setup", "Setup\Setup.isproj", "{12A035D2-F089-4AB8-8C5F-B53764431C34}"
EndProject
Global
	GlobalSection(SolutionConfigurationPlatforms) = preSolution
		CD_ROM|Any CPU = CD_ROM|Any CPU
		Debug|Any CPU = Debug|Any CPU
		DVD-5|Any CPU = DVD-5|Any CPU
		Release|Any CPU = Release|Any CPU
		SingleImage|Any CPU = SingleImage|Any CPU
	EndGlobalSection
	GlobalSection(ProjectConfigurationPlatforms) = postSolution
		{E6052609-A070-41D5-85B9-ACABA91170C5}.CD_ROM|Any CPU.ActiveCfg = Release|Any CPU
		{E6052609-A070-41D5-85B9-ACABA91170C5}.CD_ROM|Any CPU.Build.0 = Release|Any CPU
		{E6052609-A070-41D5-85B9-ACABA91170C5}.Debug|Any CPU.ActiveCfg = Debug|Any CPU
		{E6052609-A070-41D5-85B9-ACABA91170C5}.Debug|Any CPU.Build.0 = Debug|Any CPU
		{E6052609-A070-41D5-85B9-ACABA91170C5}.DVD-5|Any CPU.ActiveCfg = Debug|Any CPU
		{E6052609-A070-41D5-85B9-ACABA91170C5}.DVD-5|Any CPU.Build.0 = Debug|Any CPU
		{E6052609-A070-41D5-85B9-ACABA91170C5}.Release|Any CPU.ActiveCfg = Release|Any CPU
		{E6052609-A070-41D5-85B9-ACABA91170C5}.Release|Any CPU.Build.0 = Release|Any CPU
		{E6052609-A070-41D5-85B9-ACABA91170C5}.SingleImage|Any CPU.ActiveCfg = Release|Any CPU
		{E6052609-A070-41D5-85B9-ACABA91170C5}.SingleImage|Any CPU.Build.0 = Release|Any CPU
		{CE009BFA-5EF6-4153-B2A1-2FA79698A9AE}.CD_ROM|Any CPU.ActiveCfg = Release|Any CPU
		{CE009BFA-5EF6-4153-B2A1-2FA79698A9AE}.CD_ROM|Any CPU.Build.0 = Release|Any CPU
		{CE009BFA-5EF6-4153-B2A1-2FA79698A9AE}.Debug|Any CPU.ActiveCfg = Debug|Any CPU
		{CE009BFA-5EF6-4153-B2A1-2FA79698A9AE}.Debug|Any CPU.Build.0 = Debug|Any CPU
		{CE009BFA-5EF6-4153-B2A1-2FA79698A9AE}.DVD-5|Any CPU.ActiveCfg = Debug|Any CPU
		{CE009BFA-5EF6-4153-B2A1-2FA79698A9AE}.DVD-5|Any CPU.Build.0 = Debug|Any CPU
		{CE009BFA-5EF6-4153-B2A1-2FA79698A9AE}.Release|Any CPU.ActiveCfg = Release|Any CPU
		{CE009BFA-5EF6-4153-B2A1-2FA79698A9AE}.Release|Any CPU.Build.0 = Release|Any CPU
		{CE009BFA-5EF6-4153-B2A1-2FA79698A9AE}.SingleImage|Any CPU.ActiveCfg = Release|Any CPU
		{CE009BFA-5EF6-4153-B2A1-2FA79698A9AE}.SingleImage|Any CPU.Build.0 = Release|Any CPU
		{C52B9795-0E12-4BC2-8FEB-25EFA1C1B6DE}.CD_ROM|Any CPU.ActiveCfg = Release|Any CPU
		{C52B9795-0E12-4BC2-8FEB-25EFA1C1B6DE}.CD_ROM|Any CPU.Build.0 = Release|Any CPU
		{C52B9795-0E12-4BC2-8FEB-25EFA1C1B6DE}.Debug|Any CPU.ActiveCfg = Debug|Any CPU
		{C52B9795-0E12-4BC2-8FEB-25EFA1C1B6DE}.Debug|Any CPU.Build.0 = Debug|Any CPU
		{C52B9795-0E12-4BC2-8FEB-25EFA1C1B6DE}.DVD-5|Any CPU.ActiveCfg = Debug|Any CPU
		{C52B9795-0E12-4BC2-8FEB-25EFA1C1B6DE}.DVD-5|Any CPU.Build.0 = Debug|Any CPU
		{C52B9795-0E12-4BC2-8FEB-25EFA1C1B6DE}.Release|Any CPU.ActiveCfg = Release|Any CPU
		{C52B9795-0E12-4BC2-8FEB-25EFA1C1B6DE}.Release|Any CPU.Build.0 = Release|Any CPU
		{C52B9795-0E12-4BC2-8FEB-25EFA1C1B6DE}.SingleImage|Any CPU.ActiveCfg = Release|Any CPU
		{C52B9795-0E12-4BC2-8FEB-25EFA1C1B6DE}.SingleImage|Any CPU.Build.0 = Release|Any CPU
		{A67042AA-F2F5-4E21-A90E-25D8958BFBDB}.CD_ROM|Any CPU.ActiveCfg = Release|Any CPU
		{A67042AA-F2F5-4E21-A90E-25D8958BFBDB}.CD_ROM|Any CPU.Build.0 = Release|Any CPU
		{A67042AA-F2F5-4E21-A90E-25D8958BFBDB}.Debug|Any CPU.ActiveCfg = Debug|Any CPU
		{A67042AA-F2F5-4E21-A90E-25D8958BFBDB}.Debug|Any CPU.Build.0 = Debug|Any CPU
		{A67042AA-F2F5-4E21-A90E-25D8958BFBDB}.DVD-5|Any CPU.ActiveCfg = Debug|Any CPU
		{A67042AA-F2F5-4E21-A90E-25D8958BFBDB}.DVD-5|Any CPU.Build.0 = Debug|Any CPU
		{A67042AA-F2F5-4E21-A90E-25D8958BFBDB}.Release|Any CPU.ActiveCfg = Release|Any CPU
		{A67042AA-F2F5-4E21-A90E-25D8958BFBDB}.Release|Any CPU.Build.0 = Release|Any CPU
		{A67042AA-F2F5-4E21-A90E-25D8958BFBDB}.SingleImage|Any CPU.ActiveCfg = Release|Any CPU
		{A67042AA-F2F5-4E21-A90E-25D8958BFBDB}.SingleImage|Any CPU.Build.0 = Release|Any CPU
		{68954AEB-1880-4747-B308-DD7E1D598999}.CD_ROM|Any CPU.ActiveCfg = Release|Any CPU
		{68954AEB-1880-4747-B308-DD7E1D598999}.CD_ROM|Any CPU.Build.0 = Release|Any CPU
		{68954AEB-1880-4747-B308-DD7E1D598999}.Debug|Any CPU.ActiveCfg = Debug|Any CPU
		{68954AEB-1880-4747-B308-DD7E1D598999}.Debug|Any CPU.Build.0 = Debug|Any CPU
		{68954AEB-1880-4747-B308-DD7E1D598999}.DVD-5|Any CPU.ActiveCfg = Debug|Any CPU
		{68954AEB-1880-4747-B308-DD7E1D598999}.DVD-5|Any CPU.Build.0 = Debug|Any CPU
		{68954AEB-1880-4747-B308-DD7E1D598999}.Release|Any CPU.ActiveCfg = Release|Any CPU
		{68954AEB-1880-4747-B308-DD7E1D598999}.Release|Any CPU.Build.0 = Release|Any CPU
		{68954AEB-1880-4747-B308-DD7E1D598999}.SingleImage|Any CPU.ActiveCfg = Release|Any CPU
		{68954AEB-1880-4747-B308-DD7E1D598999}.SingleImage|Any CPU.Build.0 = Release|Any CPU
		{2C4C0689-9497-4861-8131-9E02F1D1BDB0}.CD_ROM|Any CPU.ActiveCfg = Release|Any CPU
		{2C4C0689-9497-4861-8131-9E02F1D1BDB0}.CD_ROM|Any CPU.Build.0 = Release|Any CPU
		{2C4C0689-9497-4861-8131-9E02F1D1BDB0}.Debug|Any CPU.ActiveCfg = Debug|Any CPU
		{2C4C0689-9497-4861-8131-9E02F1D1BDB0}.Debug|Any CPU.Build.0 = Debug|Any CPU
		{2C4C0689-9497-4861-8131-9E02F1D1BDB0}.DVD-5|Any CPU.ActiveCfg = Debug|Any CPU
		{2C4C0689-9497-4861-8131-9E02F1D1BDB0}.DVD-5|Any CPU.Build.0 = Debug|Any CPU
		{2C4C0689-9497-4861-8131-9E02F1D1BDB0}.Release|Any CPU.ActiveCfg = Release|Any CPU
		{2C4C0689-9497-4861-8131-9E02F1D1BDB0}.Release|Any CPU.Build.0 = Release|Any CPU
		{2C4C0689-9497-4861-8131-9E02F1D1BDB0}.SingleImage|Any CPU.ActiveCfg = Release|Any CPU
		{2C4C0689-9497-4861-8131-9E02F1D1BDB0}.SingleImage|Any CPU.Build.0 = Release|Any CPU
		{7B8929F9-6787-40CC-9523-4626C607A18C}.CD_ROM|Any CPU.ActiveCfg = Release|Any CPU
		{7B8929F9-6787-40CC-9523-4626C607A18C}.CD_ROM|Any CPU.Build.0 = Release|Any CPU
		{7B8929F9-6787-40CC-9523-4626C607A18C}.Debug|Any CPU.ActiveCfg = Debug|Any CPU
		{7B8929F9-6787-40CC-9523-4626C607A18C}.Debug|Any CPU.Build.0 = Debug|Any CPU
		{7B8929F9-6787-40CC-9523-4626C607A18C}.DVD-5|Any CPU.ActiveCfg = Debug|Any CPU
		{7B8929F9-6787-40CC-9523-4626C607A18C}.DVD-5|Any CPU.Build.0 = Debug|Any CPU
		{7B8929F9-6787-40CC-9523-4626C607A18C}.Release|Any CPU.ActiveCfg = Release|Any CPU
		{7B8929F9-6787-40CC-9523-4626C607A18C}.Release|Any CPU.Build.0 = Release|Any CPU
		{7B8929F9-6787-40CC-9523-4626C607A18C}.SingleImage|Any CPU.ActiveCfg = Release|Any CPU
		{7B8929F9-6787-40CC-9523-4626C607A18C}.SingleImage|Any CPU.Build.0 = Release|Any CPU
		{12A035D2-F089-4AB8-8C5F-B53764431C34}.CD_ROM|Any CPU.ActiveCfg = CD_ROM
		{12A035D2-F089-4AB8-8C5F-B53764431C34}.CD_ROM|Any CPU.Build.0 = CD_ROM
		{12A035D2-F089-4AB8-8C5F-B53764431C34}.Debug|Any CPU.ActiveCfg = DVD-5
		{12A035D2-F089-4AB8-8C5F-B53764431C34}.Debug|Any CPU.Build.0 = DVD-5
		{12A035D2-F089-4AB8-8C5F-B53764431C34}.DVD-5|Any CPU.ActiveCfg = DVD-5
		{12A035D2-F089-4AB8-8C5F-B53764431C34}.DVD-5|Any CPU.Build.0 = DVD-5
		{12A035D2-F089-4AB8-8C5F-B53764431C34}.Release|Any CPU.ActiveCfg = SingleImage
		{12A035D2-F089-4AB8-8C5F-B53764431C34}.Release|Any CPU.Build.0 = SingleImage
		{12A035D2-F089-4AB8-8C5F-B53764431C34}.SingleImage|Any CPU.ActiveCfg = SingleImage
		{12A035D2-F089-4AB8-8C5F-B53764431C34}.SingleImage|Any CPU.Build.0 = SingleImage
	EndGlobalSection
	GlobalSection(SolutionProperties) = preSolution
		HideSolutionNode = FALSE
	EndGlobalSection
EndGlobal
